
Microsoft Visual Studio Solution File, Format Version 12.00
# Visual Studio Version 17
VisualStudioVersion = 17.5.002.0
MinimumVisualStudioVersion = 10.0.40219.1
Project("{9A19103F-16F7-4668-BE54-9A1E7A4F7556}") = "pacman", "pacman.csproj", "{4AC1FA76-1832-4333-BCFC-42CF49E78ACB}"
EndProject
Global
	GlobalSection(SolutionConfigurationPlatforms) = preSolution
		Debug|Any CPU = Debug|Any CPU
		Release|Any CPU = Release|Any CPU
	EndGlobalSection
	GlobalSection(ProjectConfigurationPlatforms) = postSolution
		{4AC1FA76-1832-4333-BCFC-42CF49E78ACB}.Debug|Any CPU.ActiveCfg = Debug|Any CPU
		{4AC1FA76-1832-4333-BCFC-42CF49E78ACB}.Debug|Any CPU.Build.0 = Debug|Any CPU
		{4AC1FA76-1832-4333-BCFC-42CF49E78ACB}.Release|Any CPU.ActiveCfg = Release|Any CPU
		{4AC1FA76-1832-4333-BCFC-42CF49E78ACB}.Release|Any CPU.Build.0 = Release|Any CPU
	EndGlobalSection
	GlobalSection(SolutionProperties) = preSolution
		HideSolutionNode = FALSE
	EndGlobalSection
	GlobalSection(ExtensibilityGlobals) = postSolution
		SolutionGuid = {91602CC3-8954-4707-9177-D1094D1BA384}
	EndGlobalSection
EndGlobal
